
Microsoft Visual Studio Solution File, Format Version 12.00
# Visual Studio 14
VisualStudioVersion = 14.0.25420.1
MinimumVisualStudioVersion = 10.0.40219.1
Project("{FAE04EC0-301F-11D3-BF4B-00C04F79EFBC}") = "UnityTask.Test", "UnityTask.Test.csproj", "{EE7BC70C-369A-401D-A768-9F497CAD88FE}"
EndProject
Project("{FAE04EC0-301F-11D3-BF4B-00C04F79EFBC}") = "UnityTask", "UnityTask.csproj", "{0B32EF46-1225-4022-ABAC-16B4DE65B645}"
EndProject
Global
	GlobalSection(SolutionConfigurationPlatforms) = preSolution
		Debug|Any CPU = Debug|Any CPU
		Release|Any CPU = Release|Any CPU
	EndGlobalSection
	GlobalSection(ProjectConfigurationPlatforms) = postSolution
		{EE7BC70C-369A-401D-A768-9F497CAD88FE}.Debug|Any CPU.ActiveCfg = Debug|Any CPU
		{EE7BC70C-369A-401D-A768-9F497CAD88FE}.Debug|Any CPU.Build.0 = Debug|Any CPU
		{EE7BC70C-369A-401D-A768-9F497CAD88FE}.Release|Any CPU.ActiveCfg = Release|Any CPU
		{EE7BC70C-369A-401D-A768-9F497CAD88FE}.Release|Any CPU.Build.0 = Release|Any CPU
		{0B32EF46-1225-4022-ABAC-16B4DE65B645}.Debug|Any CPU.ActiveCfg = Debug|Any CPU
		{0B32EF46-1225-4022-ABAC-16B4DE65B645}.Debug|Any CPU.Build.0 = Debug|Any CPU
		{0B32EF46-1225-4022-ABAC-16B4DE65B645}.Release|Any CPU.ActiveCfg = Debug|Any CPU
		{0B32EF46-1225-4022-ABAC-16B4DE65B645}.Release|Any CPU.Build.0 = Debug|Any CPU
	EndGlobalSection
	GlobalSection(SolutionProperties) = preSolution
		HideSolutionNode = FALSE
	EndGlobalSection
EndGlobal
